<?xml version="1.0" encoding="utf-8"?>
<Project ToolsVersion="4.0" xmlns="http://schemas.microsoft.com/developer/msbuild/2003">
  <ItemGroup>
    <Filter Include="Source Files">
      <UniqueIdentifier>{4FC737F1-C7A5-4376-A066-2A32D752A2FF}</UniqueIdentifier>
      <Extensions>cpp;c;cc;cxx;def;odl;idl;hpj;bat;asm;asmx</Extensions>
    </Filter>
    <Filter Include="Header Files">
      <UniqueIdentifier>{93995380-89BD-4b04-88EB-625FBE52EBFB}</UniqueIdentifier>
      <Extensions>h;hh;hpp;hxx;hm;inl;inc;xsd</Extensions>
    </Filter>
    <Filter Include="Resource Files">
      <UniqueIdentifier>{67DA6AB6-F800-4c08-8B7A-83BB121AAD01}</UniqueIdentifier>
      <Extensions>rc;ico;cur;bmp;dlg;rc2;rct;bin;rgs;gif;jpg;jpeg;jpe;resx;tiff;tif;png;wav;mfcribbon-ms</Extensions>
    </Filter>
  </ItemGroup>
  <ItemGroup>
    <ClCompile Include="Source.cpp">
      <Filter>Source Files</Filter>
    </ClCompile>
    <ClCompile Include="Teren.cpp">
      <Filter>Source Files</Filter>
    </ClCompile>
    <ClCompile Include="Jucator.cpp">
      <Filter>Source Files</Filter>
    </ClCompile>
    <ClCompile Include="Arme.cpp">
      <Filter>Source Files</Filter>
    </ClCompile>
    <ClCompile Include="Glont.cpp">
      <Filter>Source Files</Filter>
    </ClCompile>
    <ClCompile Include="SemiAuto.cpp">
      <Filter>Source Files</Filter>
    </ClCompile>
    <ClCompile Include="Auto.cpp">
      <Filter>Source Files</Filter>
    </ClCompile>
    <ClCompile Include="Shotgun.cpp">
      <Filter>Source Files</Filter>
    </ClCompile>
    <ClCompile Include="AutoShotgun.cpp">
      <Filter>Source Files</Filter>
    </ClCompile>
    <ClCompile Include="Inamici.cpp">
      <Filter>Source Files</Filter>
    </ClCompile>
    <ClCompile Include="Isis.cpp">
      <Filter>Source Files</Filter>
    </ClCompile>
    <ClCompile Include="TextureManagerIsis.cpp">
      <Filter>Source Files</Filter>
    </ClCompile>
    <ClCompile Include="TextureManagerPlayer.cpp">
      <Filter>Source Files</Filter>
    </ClCompile>
  </ItemGroup>
  <ItemGroup>
    <ClInclude Include="Biblioteci.h">
      <Filter>Header Files</Filter>
    </ClInclude>
    <ClInclude Include="Teren.h">
      <Filter>Header Files</Filter>
    </ClInclude>
    <ClInclude Include="Jucator.h">
      <Filter>Header Files</Filter>
    </ClInclude>
    <ClInclude Include="Arme.h">
      <Filter>Header Files</Filter>
    </ClInclude>
    <ClInclude Include="Glont.h">
      <Filter>Header Files</Filter>
    </ClInclude>
    <ClInclude Include="SemiAuto.h">
      <Filter>Header Files</Filter>
    </ClInclude>
    <ClInclude Include="Auto.h">
      <Filter>Header Files</Filter>
    </ClInclude>
    <ClInclude Include="Shotgun.h">
      <Filter>Header Files</Filter>
    </ClInclude>
    <ClInclude Include="AutoShotgun.h">
      <Filter>Header Files</Filter>
    </ClInclude>
    <ClInclude Include="Inamici.h">
      <Filter>Header Files</Filter>
    </ClInclude>
    <ClInclude Include="Isis.h">
      <Filter>Header Files</Filter>
    </ClInclude>
    <ClInclude Include="TextureManagerIsis.h">
      <Filter>Header Files</Filter>
    </ClInclude>
    <ClInclude Include="TextureManagerPlayer.h">
      <Filter>Header Files</Filter>
    </ClInclude>
  </ItemGroup>
</Project>